
Microsoft Visual Studio Solution File, Format Version 12.00
# Visual Studio 15
VisualStudioVersion = 15.0.28307.1259
MinimumVisualStudioVersion = 10.0.40219.1
Project("{159641D6-6404-4A2A-AE62-294DE0FE8301}") = "Dyplom WSB - UFO", "Dyplom WSB - UFO\Dyplom WSB - UFO.dtproj", "{143CB91D-D15F-4A5F-AC79-B12E326C0D76}"
EndProject
Global
	GlobalSection(SolutionConfigurationPlatforms) = preSolution
		Development|Default = Development|Default
	EndGlobalSection
	GlobalSection(ProjectConfigurationPlatforms) = postSolution
		{143CB91D-D15F-4A5F-AC79-B12E326C0D76}.Development|Default.ActiveCfg = Development
		{143CB91D-D15F-4A5F-AC79-B12E326C0D76}.Development|Default.Build.0 = Development
	EndGlobalSection
	GlobalSection(SolutionProperties) = preSolution
		HideSolutionNode = FALSE
	EndGlobalSection
	GlobalSection(ExtensibilityGlobals) = postSolution
		SolutionGuid = {F3BEA357-2793-457B-A32A-FCEAF5AB31FB}
	EndGlobalSection
EndGlobal
